
Microsoft Visual Studio Solution File, Format Version 12.00
# Visual Studio Version 17
VisualStudioVersion = 17.0.31903.59
MinimumVisualStudioVersion = 10.0.40219.1
Project("{FAE04EC0-301F-11D3-BF4B-00C04F79EFBC}") = "day1", "day1\day1.csproj", "{6BD3B48B-7274-4D42-9CB7-756A7B418304}"
EndProject
Project("{2150E333-8FDC-42A3-9474-1A3956D46DE8}") = "day2", "day2", "{59789D2F-1EA2-4F23-A46D-1E2198EA5C1B}"
EndProject
Project("{FAE04EC0-301F-11D3-BF4B-00C04F79EFBC}") = "FootballerTransfer", "day2\FootballerTransfer\FootballerTransfer.csproj", "{FAC8F9A4-830E-47DD-923B-AF356EB94AC0}"
EndProject
Project("{FAE04EC0-301F-11D3-BF4B-00C04F79EFBC}") = "laptop", "day2\laptop\laptop.csproj", "{5AA6431A-C9AB-4CC6-A033-F9C2B9459946}"
EndProject
Project("{FAE04EC0-301F-11D3-BF4B-00C04F79EFBC}") = "jajal", "day2\PemainSepakBola\jajal.csproj", "{275C1172-D8C4-4B8E-86B1-97140F6A48C4}"
EndProject
Project("{2150E333-8FDC-42A3-9474-1A3956D46DE8}") = "day3", "day3", "{53648CEA-5F78-4D15-B0BF-9CB28910A886}"
EndProject
Project("{FAE04EC0-301F-11D3-BF4B-00C04F79EFBC}") = "inheriten", "day3\Animal\inheriten.csproj", "{D262011C-7A97-4363-8712-18D135BF9838}"
EndProject
Project("{FAE04EC0-301F-11D3-BF4B-00C04F79EFBC}") = "Interface", "day3\Interface\Interface.csproj", "{19EFC72B-102B-40CB-8D8B-DFC3BF034B28}"
EndProject
Project("{FAE04EC0-301F-11D3-BF4B-00C04F79EFBC}") = "overideandmethodhiding", "day3\overideandmethodhiding\overideandmethodhiding.csproj", "{1B01089F-399F-4DC0-B928-704D14CC0F67}"
EndProject
Project("{2150E333-8FDC-42A3-9474-1A3956D46DE8}") = "day4", "day4", "{12F1C08F-2551-46AF-B9D1-63CD144BDD15}"
EndProject
Project("{FAE04EC0-301F-11D3-BF4B-00C04F79EFBC}") = "A_interface", "day4\A_interface\A_interface.csproj", "{A67E7606-B166-47DF-97B2-281ED3DF2287}"
EndProject
Project("{FAE04EC0-301F-11D3-BF4B-00C04F79EFBC}") = "Employee", "day4\Employee\Employee.csproj", "{C4036EEE-ECE4-4730-8C25-83D1BC3F438C}"
EndProject
Project("{2150E333-8FDC-42A3-9474-1A3956D46DE8}") = "day5", "day5", "{70207A44-2EF9-4DBF-A076-ACF0BCADB827}"
EndProject
Project("{FAE04EC0-301F-11D3-BF4B-00C04F79EFBC}") = "Enum", "day5\Enum\Enum.csproj", "{BAC2560C-95D6-4128-9FD0-E894A83705AE}"
EndProject
Project("{FAE04EC0-301F-11D3-BF4B-00C04F79EFBC}") = "Generic", "day5\Generic\Generic.csproj", "{BD8E5744-4C53-4AE7-BFE4-641283F1CD8B}"
EndProject
Project("{FAE04EC0-301F-11D3-BF4B-00C04F79EFBC}") = "MutableAndImmutable", "day5\MutableAndImmutable\MutableAndImmutable.csproj", "{B3DC3648-EBD3-45EE-9AD8-CF885D538445}"
EndProject
Project("{FAE04EC0-301F-11D3-BF4B-00C04F79EFBC}") = "RefInOut", "day5\RefInOut\RefInOut.csproj", "{15EBCDA7-FE48-4252-946E-B4BBDA84FC76}"
EndProject
Project("{FAE04EC0-301F-11D3-BF4B-00C04F79EFBC}") = "TrainingEnum", "day5\TrainingEnum\TrainingEnum.csproj", "{4FE216DC-8444-459D-8468-C5006376A12D}"
EndProject
Project("{FAE04EC0-301F-11D3-BF4B-00C04F79EFBC}") = "TrainingSaldo", "day5\TrainingSaldo\TrainingSaldo.csproj", "{6D97BBDB-F31A-46A3-9789-07B3A7969B55}"
EndProject
Project("{2150E333-8FDC-42A3-9474-1A3956D46DE8}") = "day7", "day7", "{EF09F1E2-2BC7-4B57-92C9-E449956B2209}"
EndProject
Project("{FAE04EC0-301F-11D3-BF4B-00C04F79EFBC}") = "01DelegeteBasic", "day7\01DelegeteBasic\01DelegeteBasic.csproj", "{E4707BA1-140E-4AF9-9EE1-550FFD9814E1}"
EndProject
Project("{FAE04EC0-301F-11D3-BF4B-00C04F79EFBC}") = "02DelegateBasic", "day7\02DelegateBasic\02DelegateBasic.csproj", "{64E93392-B7C9-4965-9212-2B3420A75784}"
EndProject
Project("{FAE04EC0-301F-11D3-BF4B-00C04F79EFBC}") = "03ContohAdvanceDelegate", "day7\03ContohAdvanceDelegate\03ContohAdvanceDelegate.csproj", "{D9B4B674-593B-4A1C-91B3-D4266BD6C42A}"
EndProject
Project("{FAE04EC0-301F-11D3-BF4B-00C04F79EFBC}") = "05DelegateOperatos", "day7\05DelegateOperatos\05DelegateOperatos.csproj", "{E37D1ACB-26DC-4912-8AA0-EEFF65863462}"
EndProject
Project("{FAE04EC0-301F-11D3-BF4B-00C04F79EFBC}") = "06TrainingDelegate", "day7\06TrainingDelegate\06TrainingDelegate.csproj", "{FB69BC58-AC51-4235-99AE-68182E1CA641}"
EndProject
Project("{FAE04EC0-301F-11D3-BF4B-00C04F79EFBC}") = "DelegateOperatos", "day7\DelegateOperatos\DelegateOperatos.csproj", "{F1ACB6B9-9CEE-4B16-ADFA-BB6D814D3DDB}"
EndProject
Project("{2150E333-8FDC-42A3-9474-1A3956D46DE8}") = "day8", "day8", "{05862AFB-26F6-408D-AC7B-E92AB1A4B8E5}"
EndProject
Project("{FAE04EC0-301F-11D3-BF4B-00C04F79EFBC}") = "Iteration", "day8\Iteration\Iteration.csproj", "{CAA0A46B-E195-4F44-ADD8-0BB44AE5F4DB}"
EndProject
Project("{FAE04EC0-301F-11D3-BF4B-00C04F79EFBC}") = "OperatorOverload", "day8\OperatorOverload\OperatorOverload.csproj", "{C245A4E4-8BCD-45D5-9EB2-F824BEBB182C}"
EndProject
Project("{FAE04EC0-301F-11D3-BF4B-00C04F79EFBC}") = "TryCatch", "day8\TryCatch\TryCatch.csproj", "{351E5400-CE5E-40FF-9D87-CACF0146032D}"
EndProject
Project("{FAE04EC0-301F-11D3-BF4B-00C04F79EFBC}") = "Thread", "Thread\Thread.csproj", "{533DD475-9A04-4A46-BF2D-F1AE33E2069D}"
EndProject
Project("{2150E333-8FDC-42A3-9474-1A3956D46DE8}") = "day9", "day9", "{C1234D48-54C4-42EE-905D-CBE4555A9E28}"
EndProject
Project("{FAE04EC0-301F-11D3-BF4B-00C04F79EFBC}") = "StringHandling", "day9\StringHandling\StringHandling.csproj", "{AB2B51EB-2D47-4635-AE6B-0D4BF1DE6270}"
EndProject
Project("{FAE04EC0-301F-11D3-BF4B-00C04F79EFBC}") = "StopWatch", "day9\StopWatch\StopWatch.csproj", "{4EE802CC-6E8D-4876-99E4-E31882608751}"
EndProject
Project("{FAE04EC0-301F-11D3-BF4B-00C04F79EFBC}") = "01Collection", "Collection\Collection.csproj", "{5B0EECE0-7A75-436A-AB2D-EF9CD977BD8C}"
EndProject
Project("{2150E333-8FDC-42A3-9474-1A3956D46DE8}") = "day10", "day10", "{EA808A44-D18F-442B-AA36-886FDA1DD693}"
EndProject
Project("{FAE04EC0-301F-11D3-BF4B-00C04F79EFBC}") = "01Collection", "day10\01Collection\01Collection.csproj", "{570E2195-5B02-4BD7-932E-67D789677DFC}"
EndProject
Project("{FAE04EC0-301F-11D3-BF4B-00C04F79EFBC}") = "MoneyManagement", "day10\MoneyManagement\MoneyManagement.csproj", "{78FF1CC8-B156-4952-862C-51167CEBF265}"
EndProject
Project("{2150E333-8FDC-42A3-9474-1A3956D46DE8}") = "day11", "day11", "{087607E9-38F4-4497-8903-E33FECE29B7A}"
EndProject
Project("{FAE04EC0-301F-11D3-BF4B-00C04F79EFBC}") = "Dictionary", "day11\Dictionary\Dictionary.csproj", "{0485B5E3-99F2-4D7A-BB28-B9BB235D8D9B}"
EndProject
Project("{FAE04EC0-301F-11D3-BF4B-00C04F79EFBC}") = "Stuck", "day11\Stuck\Stuck.csproj", "{32AF757E-BE8F-4D88-B73A-7B4A82A981C8}"
EndProject
Project("{FAE04EC0-301F-11D3-BF4B-00C04F79EFBC}") = "day12", "day12\day12.csproj", "{EFF49CE0-EB0B-45B8-B8EB-A66F6F6F9C20}"
EndProject
Project("{2150E333-8FDC-42A3-9474-1A3956D46DE8}") = "day19", "day19", "{838BF298-1AE4-4A8A-AE5B-212AF655DD61}"
EndProject
Project("{FAE04EC0-301F-11D3-BF4B-00C04F79EFBC}") = "DeconstructorGenerator", "day19\DeconstructorGenerator\DeconstructorGenerator.csproj", "{3B362D20-3EFF-45F9-9753-EE4FDAF7656C}"
EndProject
Project("{FAE04EC0-301F-11D3-BF4B-00C04F79EFBC}") = "DisposeGenerator", "DisposeGenerator\DisposeGenerator.csproj", "{9D4034CC-A8A1-4689-A18D-FDCCD6597EDD}"
EndProject
Project("{FAE04EC0-301F-11D3-BF4B-00C04F79EFBC}") = "DisposeFile", "DisposeFile\DisposeFile.csproj", "{E51B8EEF-8575-47BD-BB13-32E217E4C12E}"
EndProject
Project("{2150E333-8FDC-42A3-9474-1A3956D46DE8}") = "day25", "day25", "{FF93FF6A-F040-424B-B615-FB7CF46CAB6E}"
EndProject
Project("{FAE04EC0-301F-11D3-BF4B-00C04F79EFBC}") = "DisposeFile", "day25\DisposeFile\DisposeFile.csproj", "{CB317B7D-F7F5-4D9C-85A6-C0941465AC60}"
EndProject
Project("{FAE04EC0-301F-11D3-BF4B-00C04F79EFBC}") = "day28", "day28\day28.csproj", "{6E8659EF-7664-4CD8-8206-CBD77E16988F}"
EndProject
Project("{FAE04EC0-301F-11D3-BF4B-00C04F79EFBC}") = "DebugAndTrace", "DebugAndTrace\DebugAndTrace.csproj", "{32E237D2-FF76-47D0-9677-A1699CDBA471}"
EndProject
Project("{2150E333-8FDC-42A3-9474-1A3956D46DE8}") = "day29", "day29", "{E82D6C03-228D-445C-B4A4-F523FD8BD817}"
EndProject
Project("{FAE04EC0-301F-11D3-BF4B-00C04F79EFBC}") = "AsyncAwaitTry", "day29\AsyncAwaitTry\AsyncAwaitTry.csproj", "{13BCCE52-271B-46C8-8EC7-B5EF447DB29D}"
EndProject
Project("{FAE04EC0-301F-11D3-BF4B-00C04F79EFBC}") = "Thread", "day29\Thread\Thread.csproj", "{8EFF26F1-458D-49E5-926C-8C112846155D}"
EndProject
Project("{FAE04EC0-301F-11D3-BF4B-00C04F79EFBC}") = "AsyncAwait", "day29\AsyncAwait\AsyncAwait.csproj", "{EAFBDDB9-0776-4312-AEEC-146036C8EF65}"
EndProject
Global
	GlobalSection(SolutionConfigurationPlatforms) = preSolution
		Debug|Any CPU = Debug|Any CPU
		Release|Any CPU = Release|Any CPU
	EndGlobalSection
	GlobalSection(SolutionProperties) = preSolution
		HideSolutionNode = FALSE
	EndGlobalSection
	GlobalSection(ProjectConfigurationPlatforms) = postSolution
		{6BD3B48B-7274-4D42-9CB7-756A7B418304}.Debug|Any CPU.ActiveCfg = Debug|Any CPU
		{6BD3B48B-7274-4D42-9CB7-756A7B418304}.Debug|Any CPU.Build.0 = Debug|Any CPU
		{6BD3B48B-7274-4D42-9CB7-756A7B418304}.Release|Any CPU.ActiveCfg = Release|Any CPU
		{6BD3B48B-7274-4D42-9CB7-756A7B418304}.Release|Any CPU.Build.0 = Release|Any CPU
		{FAC8F9A4-830E-47DD-923B-AF356EB94AC0}.Debug|Any CPU.ActiveCfg = Debug|Any CPU
		{FAC8F9A4-830E-47DD-923B-AF356EB94AC0}.Debug|Any CPU.Build.0 = Debug|Any CPU
		{FAC8F9A4-830E-47DD-923B-AF356EB94AC0}.Release|Any CPU.ActiveCfg = Release|Any CPU
		{FAC8F9A4-830E-47DD-923B-AF356EB94AC0}.Release|Any CPU.Build.0 = Release|Any CPU
		{5AA6431A-C9AB-4CC6-A033-F9C2B9459946}.Debug|Any CPU.ActiveCfg = Debug|Any CPU
		{5AA6431A-C9AB-4CC6-A033-F9C2B9459946}.Debug|Any CPU.Build.0 = Debug|Any CPU
		{5AA6431A-C9AB-4CC6-A033-F9C2B9459946}.Release|Any CPU.ActiveCfg = Release|Any CPU
		{5AA6431A-C9AB-4CC6-A033-F9C2B9459946}.Release|Any CPU.Build.0 = Release|Any CPU
		{275C1172-D8C4-4B8E-86B1-97140F6A48C4}.Debug|Any CPU.ActiveCfg = Debug|Any CPU
		{275C1172-D8C4-4B8E-86B1-97140F6A48C4}.Debug|Any CPU.Build.0 = Debug|Any CPU
		{275C1172-D8C4-4B8E-86B1-97140F6A48C4}.Release|Any CPU.ActiveCfg = Release|Any CPU
		{275C1172-D8C4-4B8E-86B1-97140F6A48C4}.Release|Any CPU.Build.0 = Release|Any CPU
		{D262011C-7A97-4363-8712-18D135BF9838}.Debug|Any CPU.ActiveCfg = Debug|Any CPU
		{D262011C-7A97-4363-8712-18D135BF9838}.Debug|Any CPU.Build.0 = Debug|Any CPU
		{D262011C-7A97-4363-8712-18D135BF9838}.Release|Any CPU.ActiveCfg = Release|Any CPU
		{D262011C-7A97-4363-8712-18D135BF9838}.Release|Any CPU.Build.0 = Release|Any CPU
		{19EFC72B-102B-40CB-8D8B-DFC3BF034B28}.Debug|Any CPU.ActiveCfg = Debug|Any CPU
		{19EFC72B-102B-40CB-8D8B-DFC3BF034B28}.Debug|Any CPU.Build.0 = Debug|Any CPU
		{19EFC72B-102B-40CB-8D8B-DFC3BF034B28}.Release|Any CPU.ActiveCfg = Release|Any CPU
		{19EFC72B-102B-40CB-8D8B-DFC3BF034B28}.Release|Any CPU.Build.0 = Release|Any CPU
		{1B01089F-399F-4DC0-B928-704D14CC0F67}.Debug|Any CPU.ActiveCfg = Debug|Any CPU
		{1B01089F-399F-4DC0-B928-704D14CC0F67}.Debug|Any CPU.Build.0 = Debug|Any CPU
		{1B01089F-399F-4DC0-B928-704D14CC0F67}.Release|Any CPU.ActiveCfg = Release|Any CPU
		{1B01089F-399F-4DC0-B928-704D14CC0F67}.Release|Any CPU.Build.0 = Release|Any CPU
		{A67E7606-B166-47DF-97B2-281ED3DF2287}.Debug|Any CPU.ActiveCfg = Debug|Any CPU
		{A67E7606-B166-47DF-97B2-281ED3DF2287}.Debug|Any CPU.Build.0 = Debug|Any CPU
		{A67E7606-B166-47DF-97B2-281ED3DF2287}.Release|Any CPU.ActiveCfg = Release|Any CPU
		{A67E7606-B166-47DF-97B2-281ED3DF2287}.Release|Any CPU.Build.0 = Release|Any CPU
		{C4036EEE-ECE4-4730-8C25-83D1BC3F438C}.Debug|Any CPU.ActiveCfg = Debug|Any CPU
		{C4036EEE-ECE4-4730-8C25-83D1BC3F438C}.Debug|Any CPU.Build.0 = Debug|Any CPU
		{C4036EEE-ECE4-4730-8C25-83D1BC3F438C}.Release|Any CPU.ActiveCfg = Release|Any CPU
		{C4036EEE-ECE4-4730-8C25-83D1BC3F438C}.Release|Any CPU.Build.0 = Release|Any CPU
		{BAC2560C-95D6-4128-9FD0-E894A83705AE}.Debug|Any CPU.ActiveCfg = Debug|Any CPU
		{BAC2560C-95D6-4128-9FD0-E894A83705AE}.Debug|Any CPU.Build.0 = Debug|Any CPU
		{BAC2560C-95D6-4128-9FD0-E894A83705AE}.Release|Any CPU.ActiveCfg = Release|Any CPU
		{BAC2560C-95D6-4128-9FD0-E894A83705AE}.Release|Any CPU.Build.0 = Release|Any CPU
		{BD8E5744-4C53-4AE7-BFE4-641283F1CD8B}.Debug|Any CPU.ActiveCfg = Debug|Any CPU
		{BD8E5744-4C53-4AE7-BFE4-641283F1CD8B}.Debug|Any CPU.Build.0 = Debug|Any CPU
		{BD8E5744-4C53-4AE7-BFE4-641283F1CD8B}.Release|Any CPU.ActiveCfg = Release|Any CPU
		{BD8E5744-4C53-4AE7-BFE4-641283F1CD8B}.Release|Any CPU.Build.0 = Release|Any CPU
		{B3DC3648-EBD3-45EE-9AD8-CF885D538445}.Debug|Any CPU.ActiveCfg = Debug|Any CPU
		{B3DC3648-EBD3-45EE-9AD8-CF885D538445}.Debug|Any CPU.Build.0 = Debug|Any CPU
		{B3DC3648-EBD3-45EE-9AD8-CF885D538445}.Release|Any CPU.ActiveCfg = Release|Any CPU
		{B3DC3648-EBD3-45EE-9AD8-CF885D538445}.Release|Any CPU.Build.0 = Release|Any CPU
		{15EBCDA7-FE48-4252-946E-B4BBDA84FC76}.Debug|Any CPU.ActiveCfg = Debug|Any CPU
		{15EBCDA7-FE48-4252-946E-B4BBDA84FC76}.Debug|Any CPU.Build.0 = Debug|Any CPU
		{15EBCDA7-FE48-4252-946E-B4BBDA84FC76}.Release|Any CPU.ActiveCfg = Release|Any CPU
		{15EBCDA7-FE48-4252-946E-B4BBDA84FC76}.Release|Any CPU.Build.0 = Release|Any CPU
		{4FE216DC-8444-459D-8468-C5006376A12D}.Debug|Any CPU.ActiveCfg = Debug|Any CPU
		{4FE216DC-8444-459D-8468-C5006376A12D}.Debug|Any CPU.Build.0 = Debug|Any CPU
		{4FE216DC-8444-459D-8468-C5006376A12D}.Release|Any CPU.ActiveCfg = Release|Any CPU
		{4FE216DC-8444-459D-8468-C5006376A12D}.Release|Any CPU.Build.0 = Release|Any CPU
		{6D97BBDB-F31A-46A3-9789-07B3A7969B55}.Debug|Any CPU.ActiveCfg = Debug|Any CPU
		{6D97BBDB-F31A-46A3-9789-07B3A7969B55}.Debug|Any CPU.Build.0 = Debug|Any CPU
		{6D97BBDB-F31A-46A3-9789-07B3A7969B55}.Release|Any CPU.ActiveCfg = Release|Any CPU
		{6D97BBDB-F31A-46A3-9789-07B3A7969B55}.Release|Any CPU.Build.0 = Release|Any CPU
		{E4707BA1-140E-4AF9-9EE1-550FFD9814E1}.Debug|Any CPU.ActiveCfg = Debug|Any CPU
		{E4707BA1-140E-4AF9-9EE1-550FFD9814E1}.Debug|Any CPU.Build.0 = Debug|Any CPU
		{E4707BA1-140E-4AF9-9EE1-550FFD9814E1}.Release|Any CPU.ActiveCfg = Release|Any CPU
		{E4707BA1-140E-4AF9-9EE1-550FFD9814E1}.Release|Any CPU.Build.0 = Release|Any CPU
		{64E93392-B7C9-4965-9212-2B3420A75784}.Debug|Any CPU.ActiveCfg = Debug|Any CPU
		{64E93392-B7C9-4965-9212-2B3420A75784}.Debug|Any CPU.Build.0 = Debug|Any CPU
		{64E93392-B7C9-4965-9212-2B3420A75784}.Release|Any CPU.ActiveCfg = Release|Any CPU
		{64E93392-B7C9-4965-9212-2B3420A75784}.Release|Any CPU.Build.0 = Release|Any CPU
		{D9B4B674-593B-4A1C-91B3-D4266BD6C42A}.Debug|Any CPU.ActiveCfg = Debug|Any CPU
		{D9B4B674-593B-4A1C-91B3-D4266BD6C42A}.Debug|Any CPU.Build.0 = Debug|Any CPU
		{D9B4B674-593B-4A1C-91B3-D4266BD6C42A}.Release|Any CPU.ActiveCfg = Release|Any CPU
		{D9B4B674-593B-4A1C-91B3-D4266BD6C42A}.Release|Any CPU.Build.0 = Release|Any CPU
		{E37D1ACB-26DC-4912-8AA0-EEFF65863462}.Debug|Any CPU.ActiveCfg = Debug|Any CPU
		{E37D1ACB-26DC-4912-8AA0-EEFF65863462}.Debug|Any CPU.Build.0 = Debug|Any CPU
		{E37D1ACB-26DC-4912-8AA0-EEFF65863462}.Release|Any CPU.ActiveCfg = Release|Any CPU
		{E37D1ACB-26DC-4912-8AA0-EEFF65863462}.Release|Any CPU.Build.0 = Release|Any CPU
		{FB69BC58-AC51-4235-99AE-68182E1CA641}.Debug|Any CPU.ActiveCfg = Debug|Any CPU
		{FB69BC58-AC51-4235-99AE-68182E1CA641}.Debug|Any CPU.Build.0 = Debug|Any CPU
		{FB69BC58-AC51-4235-99AE-68182E1CA641}.Release|Any CPU.ActiveCfg = Release|Any CPU
		{FB69BC58-AC51-4235-99AE-68182E1CA641}.Release|Any CPU.Build.0 = Release|Any CPU
		{F1ACB6B9-9CEE-4B16-ADFA-BB6D814D3DDB}.Debug|Any CPU.ActiveCfg = Debug|Any CPU
		{F1ACB6B9-9CEE-4B16-ADFA-BB6D814D3DDB}.Debug|Any CPU.Build.0 = Debug|Any CPU
		{F1ACB6B9-9CEE-4B16-ADFA-BB6D814D3DDB}.Release|Any CPU.ActiveCfg = Release|Any CPU
		{F1ACB6B9-9CEE-4B16-ADFA-BB6D814D3DDB}.Release|Any CPU.Build.0 = Release|Any CPU
		{CAA0A46B-E195-4F44-ADD8-0BB44AE5F4DB}.Debug|Any CPU.ActiveCfg = Debug|Any CPU
		{CAA0A46B-E195-4F44-ADD8-0BB44AE5F4DB}.Debug|Any CPU.Build.0 = Debug|Any CPU
		{CAA0A46B-E195-4F44-ADD8-0BB44AE5F4DB}.Release|Any CPU.ActiveCfg = Release|Any CPU
		{CAA0A46B-E195-4F44-ADD8-0BB44AE5F4DB}.Release|Any CPU.Build.0 = Release|Any CPU
		{C245A4E4-8BCD-45D5-9EB2-F824BEBB182C}.Debug|Any CPU.ActiveCfg = Debug|Any CPU
		{C245A4E4-8BCD-45D5-9EB2-F824BEBB182C}.Debug|Any CPU.Build.0 = Debug|Any CPU
		{C245A4E4-8BCD-45D5-9EB2-F824BEBB182C}.Release|Any CPU.ActiveCfg = Release|Any CPU
		{C245A4E4-8BCD-45D5-9EB2-F824BEBB182C}.Release|Any CPU.Build.0 = Release|Any CPU
		{351E5400-CE5E-40FF-9D87-CACF0146032D}.Debug|Any CPU.ActiveCfg = Debug|Any CPU
		{351E5400-CE5E-40FF-9D87-CACF0146032D}.Debug|Any CPU.Build.0 = Debug|Any CPU
		{351E5400-CE5E-40FF-9D87-CACF0146032D}.Release|Any CPU.ActiveCfg = Release|Any CPU
		{351E5400-CE5E-40FF-9D87-CACF0146032D}.Release|Any CPU.Build.0 = Release|Any CPU
		{533DD475-9A04-4A46-BF2D-F1AE33E2069D}.Debug|Any CPU.ActiveCfg = Debug|Any CPU
		{533DD475-9A04-4A46-BF2D-F1AE33E2069D}.Debug|Any CPU.Build.0 = Debug|Any CPU
		{533DD475-9A04-4A46-BF2D-F1AE33E2069D}.Release|Any CPU.ActiveCfg = Release|Any CPU
		{533DD475-9A04-4A46-BF2D-F1AE33E2069D}.Release|Any CPU.Build.0 = Release|Any CPU
		{AB2B51EB-2D47-4635-AE6B-0D4BF1DE6270}.Debug|Any CPU.ActiveCfg = Debug|Any CPU
		{AB2B51EB-2D47-4635-AE6B-0D4BF1DE6270}.Debug|Any CPU.Build.0 = Debug|Any CPU
		{AB2B51EB-2D47-4635-AE6B-0D4BF1DE6270}.Release|Any CPU.ActiveCfg = Release|Any CPU
		{AB2B51EB-2D47-4635-AE6B-0D4BF1DE6270}.Release|Any CPU.Build.0 = Release|Any CPU
		{4EE802CC-6E8D-4876-99E4-E31882608751}.Debug|Any CPU.ActiveCfg = Debug|Any CPU
		{4EE802CC-6E8D-4876-99E4-E31882608751}.Debug|Any CPU.Build.0 = Debug|Any CPU
		{4EE802CC-6E8D-4876-99E4-E31882608751}.Release|Any CPU.ActiveCfg = Release|Any CPU
		{4EE802CC-6E8D-4876-99E4-E31882608751}.Release|Any CPU.Build.0 = Release|Any CPU
		{5B0EECE0-7A75-436A-AB2D-EF9CD977BD8C}.Debug|Any CPU.ActiveCfg = Debug|Any CPU
		{5B0EECE0-7A75-436A-AB2D-EF9CD977BD8C}.Debug|Any CPU.Build.0 = Debug|Any CPU
		{5B0EECE0-7A75-436A-AB2D-EF9CD977BD8C}.Release|Any CPU.ActiveCfg = Release|Any CPU
		{5B0EECE0-7A75-436A-AB2D-EF9CD977BD8C}.Release|Any CPU.Build.0 = Release|Any CPU
		{570E2195-5B02-4BD7-932E-67D789677DFC}.Debug|Any CPU.ActiveCfg = Debug|Any CPU
		{570E2195-5B02-4BD7-932E-67D789677DFC}.Debug|Any CPU.Build.0 = Debug|Any CPU
		{570E2195-5B02-4BD7-932E-67D789677DFC}.Release|Any CPU.ActiveCfg = Release|Any CPU
		{570E2195-5B02-4BD7-932E-67D789677DFC}.Release|Any CPU.Build.0 = Release|Any CPU
		{78FF1CC8-B156-4952-862C-51167CEBF265}.Debug|Any CPU.ActiveCfg = Debug|Any CPU
		{78FF1CC8-B156-4952-862C-51167CEBF265}.Debug|Any CPU.Build.0 = Debug|Any CPU
		{78FF1CC8-B156-4952-862C-51167CEBF265}.Release|Any CPU.ActiveCfg = Release|Any CPU
		{78FF1CC8-B156-4952-862C-51167CEBF265}.Release|Any CPU.Build.0 = Release|Any CPU
		{0485B5E3-99F2-4D7A-BB28-B9BB235D8D9B}.Debug|Any CPU.ActiveCfg = Debug|Any CPU
		{0485B5E3-99F2-4D7A-BB28-B9BB235D8D9B}.Debug|Any CPU.Build.0 = Debug|Any CPU
		{0485B5E3-99F2-4D7A-BB28-B9BB235D8D9B}.Release|Any CPU.ActiveCfg = Release|Any CPU
		{0485B5E3-99F2-4D7A-BB28-B9BB235D8D9B}.Release|Any CPU.Build.0 = Release|Any CPU
		{32AF757E-BE8F-4D88-B73A-7B4A82A981C8}.Debug|Any CPU.ActiveCfg = Debug|Any CPU
		{32AF757E-BE8F-4D88-B73A-7B4A82A981C8}.Debug|Any CPU.Build.0 = Debug|Any CPU
		{32AF757E-BE8F-4D88-B73A-7B4A82A981C8}.Release|Any CPU.ActiveCfg = Release|Any CPU
		{32AF757E-BE8F-4D88-B73A-7B4A82A981C8}.Release|Any CPU.Build.0 = Release|Any CPU
		{EFF49CE0-EB0B-45B8-B8EB-A66F6F6F9C20}.Debug|Any CPU.ActiveCfg = Debug|Any CPU
		{EFF49CE0-EB0B-45B8-B8EB-A66F6F6F9C20}.Debug|Any CPU.Build.0 = Debug|Any CPU
		{EFF49CE0-EB0B-45B8-B8EB-A66F6F6F9C20}.Release|Any CPU.ActiveCfg = Release|Any CPU
		{EFF49CE0-EB0B-45B8-B8EB-A66F6F6F9C20}.Release|Any CPU.Build.0 = Release|Any CPU
		{3B362D20-3EFF-45F9-9753-EE4FDAF7656C}.Debug|Any CPU.ActiveCfg = Debug|Any CPU
		{3B362D20-3EFF-45F9-9753-EE4FDAF7656C}.Debug|Any CPU.Build.0 = Debug|Any CPU
		{3B362D20-3EFF-45F9-9753-EE4FDAF7656C}.Release|Any CPU.ActiveCfg = Release|Any CPU
		{3B362D20-3EFF-45F9-9753-EE4FDAF7656C}.Release|Any CPU.Build.0 = Release|Any CPU
		{9D4034CC-A8A1-4689-A18D-FDCCD6597EDD}.Debug|Any CPU.ActiveCfg = Debug|Any CPU
		{9D4034CC-A8A1-4689-A18D-FDCCD6597EDD}.Debug|Any CPU.Build.0 = Debug|Any CPU
		{9D4034CC-A8A1-4689-A18D-FDCCD6597EDD}.Release|Any CPU.ActiveCfg = Release|Any CPU
		{9D4034CC-A8A1-4689-A18D-FDCCD6597EDD}.Release|Any CPU.Build.0 = Release|Any CPU
		{E51B8EEF-8575-47BD-BB13-32E217E4C12E}.Debug|Any CPU.ActiveCfg = Debug|Any CPU
		{E51B8EEF-8575-47BD-BB13-32E217E4C12E}.Debug|Any CPU.Build.0 = Debug|Any CPU
		{E51B8EEF-8575-47BD-BB13-32E217E4C12E}.Release|Any CPU.ActiveCfg = Release|Any CPU
		{E51B8EEF-8575-47BD-BB13-32E217E4C12E}.Release|Any CPU.Build.0 = Release|Any CPU
		{CB317B7D-F7F5-4D9C-85A6-C0941465AC60}.Debug|Any CPU.ActiveCfg = Debug|Any CPU
		{CB317B7D-F7F5-4D9C-85A6-C0941465AC60}.Debug|Any CPU.Build.0 = Debug|Any CPU
		{CB317B7D-F7F5-4D9C-85A6-C0941465AC60}.Release|Any CPU.ActiveCfg = Release|Any CPU
		{CB317B7D-F7F5-4D9C-85A6-C0941465AC60}.Release|Any CPU.Build.0 = Release|Any CPU
		{6E8659EF-7664-4CD8-8206-CBD77E16988F}.Debug|Any CPU.ActiveCfg = Debug|Any CPU
		{6E8659EF-7664-4CD8-8206-CBD77E16988F}.Debug|Any CPU.Build.0 = Debug|Any CPU
		{6E8659EF-7664-4CD8-8206-CBD77E16988F}.Release|Any CPU.ActiveCfg = Release|Any CPU
		{6E8659EF-7664-4CD8-8206-CBD77E16988F}.Release|Any CPU.Build.0 = Release|Any CPU
		{32E237D2-FF76-47D0-9677-A1699CDBA471}.Debug|Any CPU.ActiveCfg = Debug|Any CPU
		{32E237D2-FF76-47D0-9677-A1699CDBA471}.Debug|Any CPU.Build.0 = Debug|Any CPU
		{32E237D2-FF76-47D0-9677-A1699CDBA471}.Release|Any CPU.ActiveCfg = Release|Any CPU
		{32E237D2-FF76-47D0-9677-A1699CDBA471}.Release|Any CPU.Build.0 = Release|Any CPU
		{13BCCE52-271B-46C8-8EC7-B5EF447DB29D}.Debug|Any CPU.ActiveCfg = Debug|Any CPU
		{13BCCE52-271B-46C8-8EC7-B5EF447DB29D}.Debug|Any CPU.Build.0 = Debug|Any CPU
		{13BCCE52-271B-46C8-8EC7-B5EF447DB29D}.Release|Any CPU.ActiveCfg = Release|Any CPU
		{13BCCE52-271B-46C8-8EC7-B5EF447DB29D}.Release|Any CPU.Build.0 = Release|Any CPU
		{8EFF26F1-458D-49E5-926C-8C112846155D}.Debug|Any CPU.ActiveCfg = Debug|Any CPU
		{8EFF26F1-458D-49E5-926C-8C112846155D}.Debug|Any CPU.Build.0 = Debug|Any CPU
		{8EFF26F1-458D-49E5-926C-8C112846155D}.Release|Any CPU.ActiveCfg = Release|Any CPU
		{8EFF26F1-458D-49E5-926C-8C112846155D}.Release|Any CPU.Build.0 = Release|Any CPU
		{EAFBDDB9-0776-4312-AEEC-146036C8EF65}.Debug|Any CPU.ActiveCfg = Debug|Any CPU
		{EAFBDDB9-0776-4312-AEEC-146036C8EF65}.Debug|Any CPU.Build.0 = Debug|Any CPU
		{EAFBDDB9-0776-4312-AEEC-146036C8EF65}.Release|Any CPU.ActiveCfg = Release|Any CPU
		{EAFBDDB9-0776-4312-AEEC-146036C8EF65}.Release|Any CPU.Build.0 = Release|Any CPU
	EndGlobalSection
	GlobalSection(NestedProjects) = preSolution
		{9D4034CC-A8A1-4689-A18D-FDCCD6597EDD} = {838BF298-1AE4-4A8A-AE5B-212AF655DD61}
		{5B0EECE0-7A75-436A-AB2D-EF9CD977BD8C} = {5B0EECE0-7A75-436A-AB2D-EF9CD977BD8C}
		{FAC8F9A4-830E-47DD-923B-AF356EB94AC0} = {59789D2F-1EA2-4F23-A46D-1E2198EA5C1B}
		{5AA6431A-C9AB-4CC6-A033-F9C2B9459946} = {59789D2F-1EA2-4F23-A46D-1E2198EA5C1B}
		{275C1172-D8C4-4B8E-86B1-97140F6A48C4} = {59789D2F-1EA2-4F23-A46D-1E2198EA5C1B}
		{D262011C-7A97-4363-8712-18D135BF9838} = {53648CEA-5F78-4D15-B0BF-9CB28910A886}
		{19EFC72B-102B-40CB-8D8B-DFC3BF034B28} = {53648CEA-5F78-4D15-B0BF-9CB28910A886}
		{1B01089F-399F-4DC0-B928-704D14CC0F67} = {53648CEA-5F78-4D15-B0BF-9CB28910A886}
		{A67E7606-B166-47DF-97B2-281ED3DF2287} = {12F1C08F-2551-46AF-B9D1-63CD144BDD15}
		{C4036EEE-ECE4-4730-8C25-83D1BC3F438C} = {12F1C08F-2551-46AF-B9D1-63CD144BDD15}
		{BAC2560C-95D6-4128-9FD0-E894A83705AE} = {70207A44-2EF9-4DBF-A076-ACF0BCADB827}
		{BD8E5744-4C53-4AE7-BFE4-641283F1CD8B} = {70207A44-2EF9-4DBF-A076-ACF0BCADB827}
		{B3DC3648-EBD3-45EE-9AD8-CF885D538445} = {70207A44-2EF9-4DBF-A076-ACF0BCADB827}
		{15EBCDA7-FE48-4252-946E-B4BBDA84FC76} = {70207A44-2EF9-4DBF-A076-ACF0BCADB827}
		{4FE216DC-8444-459D-8468-C5006376A12D} = {70207A44-2EF9-4DBF-A076-ACF0BCADB827}
		{6D97BBDB-F31A-46A3-9789-07B3A7969B55} = {70207A44-2EF9-4DBF-A076-ACF0BCADB827}
		{E4707BA1-140E-4AF9-9EE1-550FFD9814E1} = {EF09F1E2-2BC7-4B57-92C9-E449956B2209}
		{64E93392-B7C9-4965-9212-2B3420A75784} = {EF09F1E2-2BC7-4B57-92C9-E449956B2209}
		{D9B4B674-593B-4A1C-91B3-D4266BD6C42A} = {EF09F1E2-2BC7-4B57-92C9-E449956B2209}
		{E37D1ACB-26DC-4912-8AA0-EEFF65863462} = {EF09F1E2-2BC7-4B57-92C9-E449956B2209}
		{FB69BC58-AC51-4235-99AE-68182E1CA641} = {EF09F1E2-2BC7-4B57-92C9-E449956B2209}
		{F1ACB6B9-9CEE-4B16-ADFA-BB6D814D3DDB} = {EF09F1E2-2BC7-4B57-92C9-E449956B2209}
		{CAA0A46B-E195-4F44-ADD8-0BB44AE5F4DB} = {05862AFB-26F6-408D-AC7B-E92AB1A4B8E5}
		{C245A4E4-8BCD-45D5-9EB2-F824BEBB182C} = {05862AFB-26F6-408D-AC7B-E92AB1A4B8E5}
		{351E5400-CE5E-40FF-9D87-CACF0146032D} = {05862AFB-26F6-408D-AC7B-E92AB1A4B8E5}
		{AB2B51EB-2D47-4635-AE6B-0D4BF1DE6270} = {C1234D48-54C4-42EE-905D-CBE4555A9E28}
		{4EE802CC-6E8D-4876-99E4-E31882608751} = {C1234D48-54C4-42EE-905D-CBE4555A9E28}
		{570E2195-5B02-4BD7-932E-67D789677DFC} = {EA808A44-D18F-442B-AA36-886FDA1DD693}
		{78FF1CC8-B156-4952-862C-51167CEBF265} = {EA808A44-D18F-442B-AA36-886FDA1DD693}
		{0485B5E3-99F2-4D7A-BB28-B9BB235D8D9B} = {087607E9-38F4-4497-8903-E33FECE29B7A}
		{32AF757E-BE8F-4D88-B73A-7B4A82A981C8} = {087607E9-38F4-4497-8903-E33FECE29B7A}
		{3B362D20-3EFF-45F9-9753-EE4FDAF7656C} = {838BF298-1AE4-4A8A-AE5B-212AF655DD61}
		{CB317B7D-F7F5-4D9C-85A6-C0941465AC60} = {FF93FF6A-F040-424B-B615-FB7CF46CAB6E}
		{13BCCE52-271B-46C8-8EC7-B5EF447DB29D} = {E82D6C03-228D-445C-B4A4-F523FD8BD817}
		{8EFF26F1-458D-49E5-926C-8C112846155D} = {E82D6C03-228D-445C-B4A4-F523FD8BD817}
		{EAFBDDB9-0776-4312-AEEC-146036C8EF65} = {E82D6C03-228D-445C-B4A4-F523FD8BD817}
	EndGlobalSection
EndGlobal
