
Microsoft Visual Studio Solution File, Format Version 12.00
# Visual Studio Version 17
VisualStudioVersion = 17.0.31903.59
MinimumVisualStudioVersion = 10.0.40219.1
Project("{FAE04EC0-301F-11D3-BF4B-00C04F79EFBC}") = "day1", "day1\day1.csproj", "{77BAAB66-4A6A-4EE5-A508-0BF344BBEFE0}"
EndProject
Project("{2150E333-8FDC-42A3-9474-1A3956D46DE8}") = "03 07 2023", "03 07 2023", "{ADF94CCE-335D-484F-91BA-B063B1324D38}"
EndProject
Project("{FAE04EC0-301F-11D3-BF4B-00C04F79EFBC}") = "latihan day 1", "latihan day 1\latihan day 1.csproj", "{48D5D0FA-2435-43DE-B566-F81B37440CF0}"
EndProject
Global
	GlobalSection(SolutionConfigurationPlatforms) = preSolution
		Debug|Any CPU = Debug|Any CPU
		Release|Any CPU = Release|Any CPU
	EndGlobalSection
	GlobalSection(SolutionProperties) = preSolution
		HideSolutionNode = FALSE
	EndGlobalSection
	GlobalSection(ProjectConfigurationPlatforms) = postSolution
		{77BAAB66-4A6A-4EE5-A508-0BF344BBEFE0}.Debug|Any CPU.ActiveCfg = Debug|Any CPU
		{77BAAB66-4A6A-4EE5-A508-0BF344BBEFE0}.Debug|Any CPU.Build.0 = Debug|Any CPU
		{77BAAB66-4A6A-4EE5-A508-0BF344BBEFE0}.Release|Any CPU.ActiveCfg = Release|Any CPU
		{77BAAB66-4A6A-4EE5-A508-0BF344BBEFE0}.Release|Any CPU.Build.0 = Release|Any CPU
		{48D5D0FA-2435-43DE-B566-F81B37440CF0}.Debug|Any CPU.ActiveCfg = Debug|Any CPU
		{48D5D0FA-2435-43DE-B566-F81B37440CF0}.Debug|Any CPU.Build.0 = Debug|Any CPU
		{48D5D0FA-2435-43DE-B566-F81B37440CF0}.Release|Any CPU.ActiveCfg = Release|Any CPU
		{48D5D0FA-2435-43DE-B566-F81B37440CF0}.Release|Any CPU.Build.0 = Release|Any CPU
	EndGlobalSection
	GlobalSection(NestedProjects) = preSolution
		{48D5D0FA-2435-43DE-B566-F81B37440CF0} = {ADF94CCE-335D-484F-91BA-B063B1324D38}
		{77BAAB66-4A6A-4EE5-A508-0BF344BBEFE0} = {ADF94CCE-335D-484F-91BA-B063B1324D38}
	EndGlobalSection
EndGlobal
