
Microsoft Visual Studio Solution File, Format Version 12.00
# Visual Studio Version 17
VisualStudioVersion = 17.0.31903.59
MinimumVisualStudioVersion = 10.0.40219.1
Project("{2150E333-8FDC-42A3-9474-1A3956D46DE8}") = "day4", "day4", "{ABF6621A-B078-4E32-96E3-2F139729B072}"
EndProject
Project("{FAE04EC0-301F-11D3-BF4B-00C04F79EFBC}") = "A_interface", "day4\A_interface\A_interface.csproj", "{661FF515-5E3D-4D11-B653-26395BC2D2C8}"
EndProject
Project("{FAE04EC0-301F-11D3-BF4B-00C04F79EFBC}") = "day1", "day1\day1.csproj", "{17C8B02E-695D-4164-8E01-C45F19217D5F}"
EndProject
Project("{2150E333-8FDC-42A3-9474-1A3956D46DE8}") = "day2", "day2", "{8CCD1B05-75AB-40BA-9EAF-41CECFB7A252}"
EndProject
Project("{FAE04EC0-301F-11D3-BF4B-00C04F79EFBC}") = "FootballerTransfer", "day2\FootballerTransfer\FootballerTransfer.csproj", "{2D3C6576-4842-456E-AA9D-9081A96C4646}"
EndProject
Project("{FAE04EC0-301F-11D3-BF4B-00C04F79EFBC}") = "laptop", "day2\laptop\laptop.csproj", "{B6BB6FA3-94DA-41AD-9348-511DC6949553}"
EndProject
Project("{FAE04EC0-301F-11D3-BF4B-00C04F79EFBC}") = "jajal", "day2\PemainSepakBola\jajal.csproj", "{1F9648FA-F042-4F62-9451-CDBD40AD0C53}"
EndProject
Project("{2150E333-8FDC-42A3-9474-1A3956D46DE8}") = "day3", "day3", "{D71A013C-1A1B-402E-86E1-5B3F8A63C049}"
EndProject
Project("{FAE04EC0-301F-11D3-BF4B-00C04F79EFBC}") = "inheriten", "day3\Animal\inheriten.csproj", "{290AB0CE-26A9-4A27-9DA4-6A3DEDF849B7}"
EndProject
Project("{FAE04EC0-301F-11D3-BF4B-00C04F79EFBC}") = "overideandmethodhiding", "day3\overideandmethodhiding\overideandmethodhiding.csproj", "{6F31EC89-71D7-4EE2-856B-5EF3DD8E371E}"
EndProject
Project("{2150E333-8FDC-42A3-9474-1A3956D46DE8}") = "day5", "day5", "{B6B17837-D058-4E93-A635-6B62F276D593}"
EndProject
Project("{FAE04EC0-301F-11D3-BF4B-00C04F79EFBC}") = "Enum", "Day5\Enum\Enum.csproj", "{2DCF9327-FD7B-4AA3-9CC8-569C7CD1B4BE}"
EndProject
Project("{FAE04EC0-301F-11D3-BF4B-00C04F79EFBC}") = "Generic", "Day5\Generic\Generic.csproj", "{2BC494C2-19A4-49D9-9693-E8119DB4EF7D}"
EndProject
Project("{FAE04EC0-301F-11D3-BF4B-00C04F79EFBC}") = "MutableAndImmutable", "Day5\MutableAndImmutable\MutableAndImmutable.csproj", "{D6F045E5-4C83-4E9A-86A3-C2B27A9E5547}"
EndProject
Project("{FAE04EC0-301F-11D3-BF4B-00C04F79EFBC}") = "RefInOut", "Day5\RefInOut\RefInOut.csproj", "{00BDF146-9A49-4ACA-9478-46502CC00699}"
EndProject
Project("{FAE04EC0-301F-11D3-BF4B-00C04F79EFBC}") = "TrainingEnum", "Day5\TrainingEnum\TrainingEnum.csproj", "{F4393257-5C2F-43AB-8C39-95A2A4EDA967}"
EndProject
Project("{FAE04EC0-301F-11D3-BF4B-00C04F79EFBC}") = "TrainingSaldo", "Day5\TrainingSaldo\TrainingSaldo.csproj", "{D7522804-ECAA-49CA-AE86-A137593686D4}"
EndProject
Project("{2150E333-8FDC-42A3-9474-1A3956D46DE8}") = "day7", "day7", "{1123702B-86D3-45CE-AC2E-D929EFCC434C}"
EndProject
Project("{FAE04EC0-301F-11D3-BF4B-00C04F79EFBC}") = "01DelegeteBasic", "day7\01DelegeteBasic\01DelegeteBasic.csproj", "{3AA67D44-AAEC-4B38-BAB4-A79388A31E22}"
EndProject
Project("{FAE04EC0-301F-11D3-BF4B-00C04F79EFBC}") = "02DelegateBasic", "day7\02DelegateBasic\02DelegateBasic.csproj", "{B073B0F8-3CEE-4C2C-AB6B-11315743E5F2}"
EndProject
Project("{FAE04EC0-301F-11D3-BF4B-00C04F79EFBC}") = "03ContohAdvanceDelegate", "day7\03ContohAdvanceDelegate\ContohAdvanceDelegate.csproj", "{56189312-2C27-4035-80DB-E65C989072FC}"
EndProject
Project("{FAE04EC0-301F-11D3-BF4B-00C04F79EFBC}") = "05DelegateOperatos", "day7\05DelegateOperatos\05DelegateOperatos.csproj", "{ECF69151-DD18-451E-A3A3-7D3646683AF7}"
EndProject
Project("{FAE04EC0-301F-11D3-BF4B-00C04F79EFBC}") = "06TrainingDelegate", "day7\06TrainingDelegate\06TrainingDelegate.csproj", "{1AC29C64-4F56-428C-9C1B-588811E9A01C}"
EndProject
Project("{FAE04EC0-301F-11D3-BF4B-00C04F79EFBC}") = "DelegateOperatos", "day7\DelegateOperatos\DelegateOperatos.csproj", "{C0D3FA55-70CC-4C04-A2DC-50BB11D18A9F}"
EndProject
Project("{FAE04EC0-301F-11D3-BF4B-00C04F79EFBC}") = "TrainingDelegate", "day7\TrainingDelegate\TrainingDelegate.csproj", "{8E1A23B0-6FA3-4573-9B0D-D4362E381229}"
EndProject
Project("{FAE04EC0-301F-11D3-BF4B-00C04F79EFBC}") = "Interface", "day3\Interface\Interface.csproj", "{87F62A21-ADB7-4A5C-87B2-14D994ED9577}"
EndProject
Global
	GlobalSection(SolutionConfigurationPlatforms) = preSolution
		Debug|Any CPU = Debug|Any CPU
		Release|Any CPU = Release|Any CPU
	EndGlobalSection
	GlobalSection(SolutionProperties) = preSolution
		HideSolutionNode = FALSE
	EndGlobalSection
	GlobalSection(ProjectConfigurationPlatforms) = postSolution
		{661FF515-5E3D-4D11-B653-26395BC2D2C8}.Debug|Any CPU.ActiveCfg = Debug|Any CPU
		{661FF515-5E3D-4D11-B653-26395BC2D2C8}.Debug|Any CPU.Build.0 = Debug|Any CPU
		{661FF515-5E3D-4D11-B653-26395BC2D2C8}.Release|Any CPU.ActiveCfg = Release|Any CPU
		{661FF515-5E3D-4D11-B653-26395BC2D2C8}.Release|Any CPU.Build.0 = Release|Any CPU
		{17C8B02E-695D-4164-8E01-C45F19217D5F}.Debug|Any CPU.ActiveCfg = Debug|Any CPU
		{17C8B02E-695D-4164-8E01-C45F19217D5F}.Debug|Any CPU.Build.0 = Debug|Any CPU
		{17C8B02E-695D-4164-8E01-C45F19217D5F}.Release|Any CPU.ActiveCfg = Release|Any CPU
		{17C8B02E-695D-4164-8E01-C45F19217D5F}.Release|Any CPU.Build.0 = Release|Any CPU
		{2D3C6576-4842-456E-AA9D-9081A96C4646}.Debug|Any CPU.ActiveCfg = Debug|Any CPU
		{2D3C6576-4842-456E-AA9D-9081A96C4646}.Debug|Any CPU.Build.0 = Debug|Any CPU
		{2D3C6576-4842-456E-AA9D-9081A96C4646}.Release|Any CPU.ActiveCfg = Release|Any CPU
		{2D3C6576-4842-456E-AA9D-9081A96C4646}.Release|Any CPU.Build.0 = Release|Any CPU
		{B6BB6FA3-94DA-41AD-9348-511DC6949553}.Debug|Any CPU.ActiveCfg = Debug|Any CPU
		{B6BB6FA3-94DA-41AD-9348-511DC6949553}.Debug|Any CPU.Build.0 = Debug|Any CPU
		{B6BB6FA3-94DA-41AD-9348-511DC6949553}.Release|Any CPU.ActiveCfg = Release|Any CPU
		{B6BB6FA3-94DA-41AD-9348-511DC6949553}.Release|Any CPU.Build.0 = Release|Any CPU
		{1F9648FA-F042-4F62-9451-CDBD40AD0C53}.Debug|Any CPU.ActiveCfg = Debug|Any CPU
		{1F9648FA-F042-4F62-9451-CDBD40AD0C53}.Debug|Any CPU.Build.0 = Debug|Any CPU
		{1F9648FA-F042-4F62-9451-CDBD40AD0C53}.Release|Any CPU.ActiveCfg = Release|Any CPU
		{1F9648FA-F042-4F62-9451-CDBD40AD0C53}.Release|Any CPU.Build.0 = Release|Any CPU
		{290AB0CE-26A9-4A27-9DA4-6A3DEDF849B7}.Debug|Any CPU.ActiveCfg = Debug|Any CPU
		{290AB0CE-26A9-4A27-9DA4-6A3DEDF849B7}.Debug|Any CPU.Build.0 = Debug|Any CPU
		{290AB0CE-26A9-4A27-9DA4-6A3DEDF849B7}.Release|Any CPU.ActiveCfg = Release|Any CPU
		{290AB0CE-26A9-4A27-9DA4-6A3DEDF849B7}.Release|Any CPU.Build.0 = Release|Any CPU
		{6F31EC89-71D7-4EE2-856B-5EF3DD8E371E}.Debug|Any CPU.ActiveCfg = Debug|Any CPU
		{6F31EC89-71D7-4EE2-856B-5EF3DD8E371E}.Debug|Any CPU.Build.0 = Debug|Any CPU
		{6F31EC89-71D7-4EE2-856B-5EF3DD8E371E}.Release|Any CPU.ActiveCfg = Release|Any CPU
		{6F31EC89-71D7-4EE2-856B-5EF3DD8E371E}.Release|Any CPU.Build.0 = Release|Any CPU
		{2DCF9327-FD7B-4AA3-9CC8-569C7CD1B4BE}.Debug|Any CPU.ActiveCfg = Debug|Any CPU
		{2DCF9327-FD7B-4AA3-9CC8-569C7CD1B4BE}.Debug|Any CPU.Build.0 = Debug|Any CPU
		{2DCF9327-FD7B-4AA3-9CC8-569C7CD1B4BE}.Release|Any CPU.ActiveCfg = Release|Any CPU
		{2DCF9327-FD7B-4AA3-9CC8-569C7CD1B4BE}.Release|Any CPU.Build.0 = Release|Any CPU
		{2BC494C2-19A4-49D9-9693-E8119DB4EF7D}.Debug|Any CPU.ActiveCfg = Debug|Any CPU
		{2BC494C2-19A4-49D9-9693-E8119DB4EF7D}.Debug|Any CPU.Build.0 = Debug|Any CPU
		{2BC494C2-19A4-49D9-9693-E8119DB4EF7D}.Release|Any CPU.ActiveCfg = Release|Any CPU
		{2BC494C2-19A4-49D9-9693-E8119DB4EF7D}.Release|Any CPU.Build.0 = Release|Any CPU
		{D6F045E5-4C83-4E9A-86A3-C2B27A9E5547}.Debug|Any CPU.ActiveCfg = Debug|Any CPU
		{D6F045E5-4C83-4E9A-86A3-C2B27A9E5547}.Debug|Any CPU.Build.0 = Debug|Any CPU
		{D6F045E5-4C83-4E9A-86A3-C2B27A9E5547}.Release|Any CPU.ActiveCfg = Release|Any CPU
		{D6F045E5-4C83-4E9A-86A3-C2B27A9E5547}.Release|Any CPU.Build.0 = Release|Any CPU
		{00BDF146-9A49-4ACA-9478-46502CC00699}.Debug|Any CPU.ActiveCfg = Debug|Any CPU
		{00BDF146-9A49-4ACA-9478-46502CC00699}.Debug|Any CPU.Build.0 = Debug|Any CPU
		{00BDF146-9A49-4ACA-9478-46502CC00699}.Release|Any CPU.ActiveCfg = Release|Any CPU
		{00BDF146-9A49-4ACA-9478-46502CC00699}.Release|Any CPU.Build.0 = Release|Any CPU
		{F4393257-5C2F-43AB-8C39-95A2A4EDA967}.Debug|Any CPU.ActiveCfg = Debug|Any CPU
		{F4393257-5C2F-43AB-8C39-95A2A4EDA967}.Debug|Any CPU.Build.0 = Debug|Any CPU
		{F4393257-5C2F-43AB-8C39-95A2A4EDA967}.Release|Any CPU.ActiveCfg = Release|Any CPU
		{F4393257-5C2F-43AB-8C39-95A2A4EDA967}.Release|Any CPU.Build.0 = Release|Any CPU
		{D7522804-ECAA-49CA-AE86-A137593686D4}.Debug|Any CPU.ActiveCfg = Debug|Any CPU
		{D7522804-ECAA-49CA-AE86-A137593686D4}.Debug|Any CPU.Build.0 = Debug|Any CPU
		{D7522804-ECAA-49CA-AE86-A137593686D4}.Release|Any CPU.ActiveCfg = Release|Any CPU
		{D7522804-ECAA-49CA-AE86-A137593686D4}.Release|Any CPU.Build.0 = Release|Any CPU
		{3AA67D44-AAEC-4B38-BAB4-A79388A31E22}.Debug|Any CPU.ActiveCfg = Debug|Any CPU
		{3AA67D44-AAEC-4B38-BAB4-A79388A31E22}.Debug|Any CPU.Build.0 = Debug|Any CPU
		{3AA67D44-AAEC-4B38-BAB4-A79388A31E22}.Release|Any CPU.ActiveCfg = Release|Any CPU
		{3AA67D44-AAEC-4B38-BAB4-A79388A31E22}.Release|Any CPU.Build.0 = Release|Any CPU
		{B073B0F8-3CEE-4C2C-AB6B-11315743E5F2}.Debug|Any CPU.ActiveCfg = Debug|Any CPU
		{B073B0F8-3CEE-4C2C-AB6B-11315743E5F2}.Debug|Any CPU.Build.0 = Debug|Any CPU
		{B073B0F8-3CEE-4C2C-AB6B-11315743E5F2}.Release|Any CPU.ActiveCfg = Release|Any CPU
		{B073B0F8-3CEE-4C2C-AB6B-11315743E5F2}.Release|Any CPU.Build.0 = Release|Any CPU
		{56189312-2C27-4035-80DB-E65C989072FC}.Debug|Any CPU.ActiveCfg = Debug|Any CPU
		{56189312-2C27-4035-80DB-E65C989072FC}.Debug|Any CPU.Build.0 = Debug|Any CPU
		{56189312-2C27-4035-80DB-E65C989072FC}.Release|Any CPU.ActiveCfg = Release|Any CPU
		{56189312-2C27-4035-80DB-E65C989072FC}.Release|Any CPU.Build.0 = Release|Any CPU
		{ECF69151-DD18-451E-A3A3-7D3646683AF7}.Debug|Any CPU.ActiveCfg = Debug|Any CPU
		{ECF69151-DD18-451E-A3A3-7D3646683AF7}.Debug|Any CPU.Build.0 = Debug|Any CPU
		{ECF69151-DD18-451E-A3A3-7D3646683AF7}.Release|Any CPU.ActiveCfg = Release|Any CPU
		{ECF69151-DD18-451E-A3A3-7D3646683AF7}.Release|Any CPU.Build.0 = Release|Any CPU
		{1AC29C64-4F56-428C-9C1B-588811E9A01C}.Debug|Any CPU.ActiveCfg = Debug|Any CPU
		{1AC29C64-4F56-428C-9C1B-588811E9A01C}.Debug|Any CPU.Build.0 = Debug|Any CPU
		{1AC29C64-4F56-428C-9C1B-588811E9A01C}.Release|Any CPU.ActiveCfg = Release|Any CPU
		{1AC29C64-4F56-428C-9C1B-588811E9A01C}.Release|Any CPU.Build.0 = Release|Any CPU
		{C0D3FA55-70CC-4C04-A2DC-50BB11D18A9F}.Debug|Any CPU.ActiveCfg = Debug|Any CPU
		{C0D3FA55-70CC-4C04-A2DC-50BB11D18A9F}.Debug|Any CPU.Build.0 = Debug|Any CPU
		{C0D3FA55-70CC-4C04-A2DC-50BB11D18A9F}.Release|Any CPU.ActiveCfg = Release|Any CPU
		{C0D3FA55-70CC-4C04-A2DC-50BB11D18A9F}.Release|Any CPU.Build.0 = Release|Any CPU
		{8E1A23B0-6FA3-4573-9B0D-D4362E381229}.Debug|Any CPU.ActiveCfg = Debug|Any CPU
		{8E1A23B0-6FA3-4573-9B0D-D4362E381229}.Debug|Any CPU.Build.0 = Debug|Any CPU
		{8E1A23B0-6FA3-4573-9B0D-D4362E381229}.Release|Any CPU.ActiveCfg = Release|Any CPU
		{8E1A23B0-6FA3-4573-9B0D-D4362E381229}.Release|Any CPU.Build.0 = Release|Any CPU
		{87F62A21-ADB7-4A5C-87B2-14D994ED9577}.Debug|Any CPU.ActiveCfg = Debug|Any CPU
		{87F62A21-ADB7-4A5C-87B2-14D994ED9577}.Debug|Any CPU.Build.0 = Debug|Any CPU
		{87F62A21-ADB7-4A5C-87B2-14D994ED9577}.Release|Any CPU.ActiveCfg = Release|Any CPU
		{87F62A21-ADB7-4A5C-87B2-14D994ED9577}.Release|Any CPU.Build.0 = Release|Any CPU
	EndGlobalSection
	GlobalSection(NestedProjects) = preSolution
		{661FF515-5E3D-4D11-B653-26395BC2D2C8} = {ABF6621A-B078-4E32-96E3-2F139729B072}
		{2D3C6576-4842-456E-AA9D-9081A96C4646} = {8CCD1B05-75AB-40BA-9EAF-41CECFB7A252}
		{B6BB6FA3-94DA-41AD-9348-511DC6949553} = {8CCD1B05-75AB-40BA-9EAF-41CECFB7A252}
		{1F9648FA-F042-4F62-9451-CDBD40AD0C53} = {8CCD1B05-75AB-40BA-9EAF-41CECFB7A252}
		{290AB0CE-26A9-4A27-9DA4-6A3DEDF849B7} = {D71A013C-1A1B-402E-86E1-5B3F8A63C049}
		{6F31EC89-71D7-4EE2-856B-5EF3DD8E371E} = {D71A013C-1A1B-402E-86E1-5B3F8A63C049}
		{2DCF9327-FD7B-4AA3-9CC8-569C7CD1B4BE} = {B6B17837-D058-4E93-A635-6B62F276D593}
		{2BC494C2-19A4-49D9-9693-E8119DB4EF7D} = {B6B17837-D058-4E93-A635-6B62F276D593}
		{D6F045E5-4C83-4E9A-86A3-C2B27A9E5547} = {B6B17837-D058-4E93-A635-6B62F276D593}
		{00BDF146-9A49-4ACA-9478-46502CC00699} = {B6B17837-D058-4E93-A635-6B62F276D593}
		{F4393257-5C2F-43AB-8C39-95A2A4EDA967} = {B6B17837-D058-4E93-A635-6B62F276D593}
		{D7522804-ECAA-49CA-AE86-A137593686D4} = {B6B17837-D058-4E93-A635-6B62F276D593}
		{3AA67D44-AAEC-4B38-BAB4-A79388A31E22} = {1123702B-86D3-45CE-AC2E-D929EFCC434C}
		{B073B0F8-3CEE-4C2C-AB6B-11315743E5F2} = {1123702B-86D3-45CE-AC2E-D929EFCC434C}
		{56189312-2C27-4035-80DB-E65C989072FC} = {1123702B-86D3-45CE-AC2E-D929EFCC434C}
		{ECF69151-DD18-451E-A3A3-7D3646683AF7} = {1123702B-86D3-45CE-AC2E-D929EFCC434C}
		{1AC29C64-4F56-428C-9C1B-588811E9A01C} = {1123702B-86D3-45CE-AC2E-D929EFCC434C}
		{C0D3FA55-70CC-4C04-A2DC-50BB11D18A9F} = {1123702B-86D3-45CE-AC2E-D929EFCC434C}
		{8E1A23B0-6FA3-4573-9B0D-D4362E381229} = {1123702B-86D3-45CE-AC2E-D929EFCC434C}
		{87F62A21-ADB7-4A5C-87B2-14D994ED9577} = {D71A013C-1A1B-402E-86E1-5B3F8A63C049}
	EndGlobalSection
EndGlobal
