
Microsoft Visual Studio Solution File, Format Version 12.00
# Visual Studio Version 17
VisualStudioVersion = 17.0.31903.59
MinimumVisualStudioVersion = 10.0.40219.1
Project("{FAE04EC0-301F-11D3-BF4B-00C04F79EFBC}") = "MutableAndImmutable", "MutableAndImmutable\MutableAndImmutable.csproj", "{14CE720B-480A-4291-912A-327BB665D944}"
EndProject
Project("{FAE04EC0-301F-11D3-BF4B-00C04F79EFBC}") = "Generic", "Generic\Generic.csproj", "{1668A548-0EC7-48FD-9819-D0986789265C}"
EndProject
Project("{FAE04EC0-301F-11D3-BF4B-00C04F79EFBC}") = "Enum", "Enum\Enum.csproj", "{3D0128FA-5254-41AB-A65F-50533FBCD42B}"
EndProject
Project("{FAE04EC0-301F-11D3-BF4B-00C04F79EFBC}") = "RefInOut", "RefInOut\RefInOut.csproj", "{0D47E06D-57A5-4EE1-AD51-98E6C6351C28}"
EndProject
Project("{FAE04EC0-301F-11D3-BF4B-00C04F79EFBC}") = "TrainingEnum", "TrainingEnum\TrainingEnum.csproj", "{38734B9B-B5EC-4442-832E-5FBBDEBECF4E}"
EndProject
Project("{FAE04EC0-301F-11D3-BF4B-00C04F79EFBC}") = "TrainingSaldo", "TrainingSaldo\TrainingSaldo.csproj", "{C455B745-0E40-43D1-8BF9-891D1EC39A15}"
EndProject
Global
	GlobalSection(SolutionConfigurationPlatforms) = preSolution
		Debug|Any CPU = Debug|Any CPU
		Release|Any CPU = Release|Any CPU
	EndGlobalSection
	GlobalSection(SolutionProperties) = preSolution
		HideSolutionNode = FALSE
	EndGlobalSection
	GlobalSection(ProjectConfigurationPlatforms) = postSolution
		{14CE720B-480A-4291-912A-327BB665D944}.Debug|Any CPU.ActiveCfg = Debug|Any CPU
		{14CE720B-480A-4291-912A-327BB665D944}.Debug|Any CPU.Build.0 = Debug|Any CPU
		{14CE720B-480A-4291-912A-327BB665D944}.Release|Any CPU.ActiveCfg = Release|Any CPU
		{14CE720B-480A-4291-912A-327BB665D944}.Release|Any CPU.Build.0 = Release|Any CPU
		{1668A548-0EC7-48FD-9819-D0986789265C}.Debug|Any CPU.ActiveCfg = Debug|Any CPU
		{1668A548-0EC7-48FD-9819-D0986789265C}.Debug|Any CPU.Build.0 = Debug|Any CPU
		{1668A548-0EC7-48FD-9819-D0986789265C}.Release|Any CPU.ActiveCfg = Release|Any CPU
		{1668A548-0EC7-48FD-9819-D0986789265C}.Release|Any CPU.Build.0 = Release|Any CPU
		{3D0128FA-5254-41AB-A65F-50533FBCD42B}.Debug|Any CPU.ActiveCfg = Debug|Any CPU
		{3D0128FA-5254-41AB-A65F-50533FBCD42B}.Debug|Any CPU.Build.0 = Debug|Any CPU
		{3D0128FA-5254-41AB-A65F-50533FBCD42B}.Release|Any CPU.ActiveCfg = Release|Any CPU
		{3D0128FA-5254-41AB-A65F-50533FBCD42B}.Release|Any CPU.Build.0 = Release|Any CPU
		{0D47E06D-57A5-4EE1-AD51-98E6C6351C28}.Debug|Any CPU.ActiveCfg = Debug|Any CPU
		{0D47E06D-57A5-4EE1-AD51-98E6C6351C28}.Debug|Any CPU.Build.0 = Debug|Any CPU
		{0D47E06D-57A5-4EE1-AD51-98E6C6351C28}.Release|Any CPU.ActiveCfg = Release|Any CPU
		{0D47E06D-57A5-4EE1-AD51-98E6C6351C28}.Release|Any CPU.Build.0 = Release|Any CPU
		{38734B9B-B5EC-4442-832E-5FBBDEBECF4E}.Debug|Any CPU.ActiveCfg = Debug|Any CPU
		{38734B9B-B5EC-4442-832E-5FBBDEBECF4E}.Debug|Any CPU.Build.0 = Debug|Any CPU
		{38734B9B-B5EC-4442-832E-5FBBDEBECF4E}.Release|Any CPU.ActiveCfg = Release|Any CPU
		{38734B9B-B5EC-4442-832E-5FBBDEBECF4E}.Release|Any CPU.Build.0 = Release|Any CPU
		{C455B745-0E40-43D1-8BF9-891D1EC39A15}.Debug|Any CPU.ActiveCfg = Debug|Any CPU
		{C455B745-0E40-43D1-8BF9-891D1EC39A15}.Debug|Any CPU.Build.0 = Debug|Any CPU
		{C455B745-0E40-43D1-8BF9-891D1EC39A15}.Release|Any CPU.ActiveCfg = Release|Any CPU
		{C455B745-0E40-43D1-8BF9-891D1EC39A15}.Release|Any CPU.Build.0 = Release|Any CPU
	EndGlobalSection
EndGlobal
